// !$*UTF8*$!
{
	archiveVersion = 1;
	classes = {
	};
	objectVersion = 46;
	objects = {

/* Begin PBXBuildFile section */
		3A6197DE1B83BEA600665DB4 /* AppDelegate.swift in Sources */ = {isa = PBXBuildFile; fileRef = 3A6197DD1B83BEA600665DB4 /* AppDelegate.swift */; };
		3A6197E01B83BEA600665DB4 /* ViewController.swift in Sources */ = {isa = PBXBuildFile; fileRef = 3A6197DF1B83BEA600665DB4 /* ViewController.swift */; };
		3A6197E31B83BEA600665DB4 /* Main.storyboard in Resources */ = {isa = PBXBuildFile; fileRef = 3A6197E11B83BEA600665DB4 /* Main.storyboard */; };
		3A6197E51B83BEA600665DB4 /* Images.xcassets in Resources */ = {isa = PBXBuildFile; fileRef = 3A6197E41B83BEA600665DB4 /* Images.xcassets */; };
		3A6197E81B83BEA600665DB4 /* LaunchScreen.xib in Resources */ = {isa = PBXBuildFile; fileRef = 3A6197E61B83BEA600665DB4 /* LaunchScreen.xib */; };
		3A6197FE1B87D3A200665DB4 /* LogReader.swift in Sources */ = {isa = PBXBuildFile; fileRef = 3A6197FD1B87D3A200665DB4 /* LogReader.swift */; };
		3A6198001B87D8BD00665DB4 /* IpCounter.swift in Sources */ = {isa = PBXBuildFile; fileRef = 3A6197FF1B87D8BD00665DB4 /* IpCounter.swift */; };
/* End PBXBuildFile section */

/* Begin PBXFileReference section */
		3A0999BD1B93794F0093880A /* LogReading.app */ = {isa = PBXFileReference; explicitFileType = wrapper.application; includeInIndex = 0; path = LogReading.app; sourceTree = BUILT_PRODUCTS_DIR; };
		3A6197DC1B83BEA600665DB4 /* Info.plist */ = {isa = PBXFileReference; lastKnownFileType = text.plist.xml; path = Info.plist; sourceTree = "<group>"; };
		3A6197DD1B83BEA600665DB4 /* AppDelegate.swift */ = {isa = PBXFileReference; lastKnownFileType = sourcecode.swift; path = AppDelegate.swift; sourceTree = "<group>"; };
		3A6197DF1B83BEA600665DB4 /* ViewController.swift */ = {isa = PBXFileReference; lastKnownFileType = sourcecode.swift; path = ViewController.swift; sourceTree = "<group>"; };
		3A6197E21B83BEA600665DB4 /* Base */ = {isa = PBXFileReference; lastKnownFileType = file.storyboard; name = Base; path = Base.lproj/Main.storyboard; sourceTree = "<group>"; };
		3A6197E41B83BEA600665DB4 /* Images.xcassets */ = {isa = PBXFileReference; lastKnownFileType = folder.assetcatalog; path = Images.xcassets; sourceTree = "<group>"; };
		3A6197E71B83BEA600665DB4 /* Base */ = {isa = PBXFileReference; lastKnownFileType = file.xib; name = Base; path = Base.lproj/LaunchScreen.xib; sourceTree = "<group>"; };
		3A6197FD1B87D3A200665DB4 /* LogReader.swift */ = {isa = PBXFileReference; fileEncoding = 4; lastKnownFileType = sourcecode.swift; path = LogReader.swift; sourceTree = "<group>"; };
		3A6197FF1B87D8BD00665DB4 /* IpCounter.swift */ = {isa = PBXFileReference; fileEncoding = 4; lastKnownFileType = sourcecode.swift; path = IpCounter.swift; sourceTree = "<group>"; };
/* End PBXFileReference section */

/* Begin PBXFrameworksBuildPhase section */
		3A6197D51B83BEA600665DB4 /* Frameworks */ = {
			isa = PBXFrameworksBuildPhase;
			buildActionMask = 2147483647;
			files = (
			);
			runOnlyForDeploymentPostprocessing = 0;
		};
/* End PBXFrameworksBuildPhase section */

/* Begin PBXGroup section */
		3A6197CF1B83BEA600665DB4 = {
			isa = PBXGroup;
			children = (
				3A6197DA1B83BEA600665DB4 /* LogReading */,
				3A0999BD1B93794F0093880A /* LogReading.app */,
			);
			sourceTree = "<group>";
		};
		3A6197DA1B83BEA600665DB4 /* LogReading */ = {
			isa = PBXGroup;
			children = (
				3A6197DD1B83BEA600665DB4 /* AppDelegate.swift */,
				3A6197DF1B83BEA600665DB4 /* ViewController.swift */,
				3A6197E11B83BEA600665DB4 /* Main.storyboard */,
				3A6197E41B83BEA600665DB4 /* Images.xcassets */,
				3A6197E61B83BEA600665DB4 /* LaunchScreen.xib */,
				3A6197DB1B83BEA600665DB4 /* Supporting Files */,
				3A6197FD1B87D3A200665DB4 /* LogReader.swift */,
				3A6197FF1B87D8BD00665DB4 /* IpCounter.swift */,
			);
			path = LogReading;
			sourceTree = "<group>";
		};
		3A6197DB1B83BEA600665DB4 /* Supporting Files */ = {
			isa = PBXGroup;
			children = (
				3A6197DC1B83BEA600665DB4 /* Info.plist */,
			);
			name = "Supporting Files";
			sourceTree = "<group>";
		};
/* End PBXGroup section */

/* Begin PBXNativeTarget section */
		3A6197D71B83BEA600665DB4 /* LogReading */ = {
			isa = PBXNativeTarget;
			buildConfigurationList = 3A6197F71B83BEA600665DB4 /* Build configuration list for PBXNativeTarget "LogReading" */;
			buildPhases = (
				3A6197D41B83BEA600665DB4 /* Sources */,
				3A6197D51B83BEA600665DB4 /* Frameworks */,
				3A6197D61B83BEA600665DB4 /* Resources */,
			);
			buildRules = (
			);
			dependencies = (
			);
			name = LogReading;
			productName = LogReading;
			productReference = 3A0999BD1B93794F0093880A /* LogReading.app */;
			productType = "com.apple.product-type.application";
		};
/* End PBXNativeTarget section */

/* Begin PBXProject section */
		3A6197D01B83BEA600665DB4 /* Project object */ = {
			isa = PBXProject;
			attributes = {
				LastUpgradeCheck = 0640;
				ORGANIZATIONNAME = "Rasmus Resen Amossen";
				TargetAttributes = {
					3A6197D71B83BEA600665DB4 = {
						CreatedOnToolsVersion = 6.4;
						DevelopmentTeam = UC9NV2YUE5;
					};
				};
			};
			buildConfigurationList = 3A6197D31B83BEA600665DB4 /* Build configuration list for PBXProject "LogReading" */;
			compatibilityVersion = "Xcode 3.2";
			developmentRegion = English;
			hasScannedForEncodings = 0;
			knownRegions = (
				en,
				Base,
			);
			mainGroup = 3A6197CF1B83BEA600665DB4;
			productRefGroup = 3A6197CF1B83BEA600665DB4;
			projectDirPath = "";
			projectRoot = "";
			targets = (
				3A6197D71B83BEA600665DB4 /* LogReading */,
			);
		};
/* End PBXProject section */

/* Begin PBXResourcesBuildPhase section */
		3A6197D61B83BEA600665DB4 /* Resources */ = {
			isa = PBXResourcesBuildPhase;
			buildActionMask = 2147483647;
			files = (
				3A6197E31B83BEA600665DB4 /* Main.storyboard in Resources */,
				3A6197E81B83BEA600665DB4 /* LaunchScreen.xib in Resources */,
				3A6197E51B83BEA600665DB4 /* Images.xcassets in Resources */,
			);
			runOnlyForDeploymentPostprocessing = 0;
		};
/* End PBXResourcesBuildPhase section */

/* Begin PBXSourcesBuildPhase section */
		3A6197D41B83BEA600665DB4 /* Sources */ = {
			isa = PBXSourcesBuildPhase;
			buildActionMask = 2147483647;
			files = (
				3A6197E01B83BEA600665DB4 /* ViewController.swift in Sources */,
				3A6197DE1B83BEA600665DB4 /* AppDelegate.swift in Sources */,
				3A6197FE1B87D3A200665DB4 /* LogReader.swift in Sources */,
				3A6198001B87D8BD00665DB4 /* IpCounter.swift in Sources */,
			);
			runOnlyForDeploymentPostprocessing = 0;
		};
/* End PBXSourcesBuildPhase section */

/* Begin PBXVariantGroup section */
		3A6197E11B83BEA600665DB4 /* Main.storyboard */ = {
			isa = PBXVariantGroup;
			children = (
				3A6197E21B83BEA600665DB4 /* Base */,
			);
			name = Main.storyboard;
			sourceTree = "<group>";
		};
		3A6197E61B83BEA600665DB4 /* LaunchScreen.xib */ = {
			isa = PBXVariantGroup;
			children = (
				3A6197E71B83BEA600665DB4 /* Base */,
			);
			name = LaunchScreen.xib;
			sourceTree = "<group>";
		};
/* End PBXVariantGroup section */

/* Begin XCBuildConfiguration section */
		3A6197F51B83BEA600665DB4 /* Debug */ = {
			isa = XCBuildConfiguration;
			buildSettings = {
				ALWAYS_SEARCH_USER_PATHS = NO;
				CLANG_CXX_LANGUAGE_STANDARD = "gnu++0x";
				CLANG_CXX_LIBRARY = "libc++";
				CLANG_ENABLE_MODULES = YES;
				CLANG_ENABLE_OBJC_ARC = YES;
				CLANG_WARN_BOOL_CONVERSION = YES;
				CLANG_WARN_CONSTANT_CONVERSION = YES;
				CLANG_WARN_DIRECT_OBJC_ISA_USAGE = YES_ERROR;
				CLANG_WARN_EMPTY_BODY = YES;
				CLANG_WARN_ENUM_CONVERSION = YES;
				CLANG_WARN_INT_CONVERSION = YES;
				CLANG_WARN_OBJC_ROOT_CLASS = YES_ERROR;
				CLANG_WARN_UNREACHABLE_CODE = YES;
				CLANG_WARN__DUPLICATE_METHOD_MATCH = YES;
				"CODE_SIGN_IDENTITY[sdk=iphoneos*]" = "iPhone Developer";
				COPY_PHASE_STRIP = NO;
				DEBUG_INFORMATION_FORMAT = "dwarf-with-dsym";
				ENABLE_STRICT_OBJC_MSGSEND = YES;
				GCC_C_LANGUAGE_STANDARD = gnu99;
				GCC_DYNAMIC_NO_PIC = NO;
				GCC_NO_COMMON_BLOCKS = YES;
				GCC_OPTIMIZATION_LEVEL = 0;
				GCC_PREPROCESSOR_DEFINITIONS = (
					"DEBUG=1",
					"$(inherited)",
				);
				GCC_SYMBOLS_PRIVATE_EXTERN = NO;
				GCC_WARN_64_TO_32_BIT_CONVERSION = YES;
				GCC_WARN_ABOUT_RETURN_TYPE = YES_ERROR;
				GCC_WARN_UNDECLARED_SELECTOR = YES;
				GCC_WARN_UNINITIALIZED_AUTOS = YES_AGGRESSIVE;
				GCC_WARN_UNUSED_FUNCTION = YES;
				GCC_WARN_UNUSED_VARIABLE = YES;
				IPHONEOS_DEPLOYMENT_TARGET = 8.4;
				MTL_ENABLE_DEBUG_INFO = YES;
				ONLY_ACTIVE_ARCH = YES;
				SDKROOT = iphoneos;
				SWIFT_OPTIMIZATION_LEVEL = "-Onone";
			};
			name = Debug;
		};
		3A6197F61B83BEA600665DB4 /* Release */ = {
			isa = XCBuildConfiguration;
			buildSettings = {
				ALWAYS_SEARCH_USER_PATHS = NO;
				CLANG_CXX_LANGUAGE_STANDARD = "gnu++0x";
				CLANG_CXX_LIBRARY = "libc++";
				CLANG_ENABLE_MODULES = YES;
				CLANG_ENABLE_OBJC_ARC = YES;
				CLANG_WARN_BOOL_CONVERSION = YES;
				CLANG_WARN_CONSTANT_CONVERSION = YES;
				CLANG_WARN_DIRECT_OBJC_ISA_USAGE = YES_ERROR;
				CLANG_WARN_EMPTY_BODY = YES;
				CLANG_WARN_ENUM_CONVERSION = YES;
				CLANG_WARN_INT_CONVERSION = YES;
				CLANG_WARN_OBJC_ROOT_CLASS = YES_ERROR;
				CLANG_WARN_UNREACHABLE_CODE = YES;
				CLANG_WARN__DUPLICATE_METHOD_MATCH = YES;
				"CODE_SIGN_IDENTITY[sdk=iphoneos*]" = "iPhone Developer";
				COPY_PHASE_STRIP = NO;
				DEBUG_INFORMATION_FORMAT = "dwarf-with-dsym";
				ENABLE_NS_ASSERTIONS = NO;
				ENABLE_STRICT_OBJC_MSGSEND = YES;
				GCC_C_LANGUAGE_STANDARD = gnu99;
				GCC_NO_COMMON_BLOCKS = YES;
				GCC_WARN_64_TO_32_BIT_CONVERSION = YES;
				GCC_WARN_ABOUT_RETURN_TYPE = YES_ERROR;
				GCC_WARN_UNDECLARED_SELECTOR = YES;
				GCC_WARN_UNINITIALIZED_AUTOS = YES_AGGRESSIVE;
				GCC_WARN_UNUSED_FUNCTION = YES;
				GCC_WARN_UNUSED_VARIABLE = YES;
				IPHONEOS_DEPLOYMENT_TARGET = 8.4;
				MTL_ENABLE_DEBUG_INFO = NO;
				SDKROOT = iphoneos;
				VALIDATE_PRODUCT = YES;
			};
			name = Release;
		};
		3A6197F81B83BEA600665DB4 /* Debug */ = {
			isa = XCBuildConfiguration;
			buildSettings = {
				ASSETCATALOG_COMPILER_APPICON_NAME = AppIcon;
				CODE_SIGN_IDENTITY = "iPhone Developer";
				"CODE_SIGN_IDENTITY[sdk=iphoneos*]" = "iPhone Developer";
				INFOPLIST_FILE = LogReading/Info.plist;
				LD_RUNPATH_SEARCH_PATHS = "$(inherited) @executable_path/Frameworks";
				PRODUCT_NAME = LogReading;
				PROVISIONING_PROFILE = "";
			};
			name = Debug;
		};
		3A6197F91B83BEA600665DB4 /* Release */ = {
			isa = XCBuildConfiguration;
			buildSettings = {
				ASSETCATALOG_COMPILER_APPICON_NAME = AppIcon;
				CODE_SIGN_IDENTITY = "iPhone Developer";
				"CODE_SIGN_IDENTITY[sdk=iphoneos*]" = "iPhone Developer";
				INFOPLIST_FILE = LogReading/Info.plist;
				LD_RUNPATH_SEARCH_PATHS = "$(inherited) @executable_path/Frameworks";
				PRODUCT_NAME = LogReading;
				PROVISIONING_PROFILE = "";
			};
			name = Release;
		};
/* End XCBuildConfiguration section */

/* Begin XCConfigurationList section */
		3A6197D31B83BEA600665DB4 /* Build configuration list for PBXProject "LogReading" */ = {
			isa = XCConfigurationList;
			buildConfigurations = (
				3A6197F51B83BEA600665DB4 /* Debug */,
				3A6197F61B83BEA600665DB4 /* Release */,
			);
			defaultConfigurationIsVisible = 0;
			defaultConfigurationName = Release;
		};
		3A6197F71B83BEA600665DB4 /* Build configuration list for PBXNativeTarget "LogReading" */ = {
			isa = XCConfigurationList;
			buildConfigurations = (
				3A6197F81B83BEA600665DB4 /* Debug */,
				3A6197F91B83BEA600665DB4 /* Release */,
			);
			defaultConfigurationIsVisible = 0;
			defaultConfigurationName = Release;
		};
/* End XCConfigurationList section */
	};
	rootObject = 3A6197D01B83BEA600665DB4 /* Project object */;
}
